lockfileVersion: "9.0"

settings:
  autoInstallPeers: true
  excludeLinksFromLockfile: false

importers:
  .: {}

  packages/cli:
    dependencies:
      "@analyser/core":
        specifier: workspace:*
        version: link:../core
      "@analyser/detector-go":
        specifier: workspace:*
        version: link:../detector-go
      "@analyser/detector-js":
        specifier: workspace:*
        version: link:../detector-js
      "@analyser/detector-python":
        specifier: workspace:*
        version: link:../detector-python
      "@analyser/detector-rust":
        specifier: workspace:*
        version: link:../detector-rust
      commander:
        specifier: ^12.0.0
        version: 12.1.0
    devDependencies:
      "@types/node":
        specifier: ^22.0.0
        version: 22.20.1
      typescript:
        specifier: ^5.5.0
        version: 5.9.3

  packages/core:
    dependencies:
      "@ast-grep/lang-go":
        specifier: ^0.0.6
        version: 0.0.6
      "@ast-grep/lang-python":
        specifier: ^0.0.6
        version: 0.0.6
      "@ast-grep/lang-rust":
        specifier: ^0.0.7
        version: 0.0.7
      "@ast-grep/napi":
        specifier: ^0.45.1
        version: 0.45.1
    devDependencies:
      "@types/node":
        specifier: ^22.0.0
        version: 22.20.1
      typescript:
        specifier: ^5.5.0
        version: 5.9.3

  packages/detector-go:
    dependencies:
      "@analyser/core":
        specifier: workspace:*
        version: link:../core
    devDependencies:
      "@types/node":
        specifier: ^22.0.0
        version: 22.20.1
      typescript:
        specifier: ^5.5.0
        version: 5.9.3

  packages/detector-js:
    dependencies:
      "@analyser/core":
        specifier: workspace:*
        version: link:../core
    devDependencies:
      "@types/node":
        specifier: ^22.0.0
        version: 22.20.1
      typescript:
        specifier: ^5.5.0
        version: 5.9.3

  packages/detector-python:
    dependencies:
      "@analyser/core":
        specifier: workspace:*
        version: link:../core
    devDependencies:
      "@types/node":
        specifier: ^22.0.0
        version: 22.20.1
      typescript:
        specifier: ^5.5.0
        version: 5.9.3

  packages/detector-rust:
    dependencies:
      "@analyser/core":
        specifier: workspace:*
        version: link:../core
    devDependencies:
      "@types/node":
        specifier: ^22.0.0
        version: 22.20.1
      typescript:
        specifier: ^5.5.0
        version: 5.9.3

packages:
  "@ast-grep/lang-go@0.0.6":
    resolution:
      {
        integrity: sha512-PZap9Rp6t+YKbLjRnFRF5aGBX3/HV9s5Rp7ZPsCM+o3tlTZDo1IqDYnFu+Oeh5Razs2U8K8ccPSJ+GBxalVhWg==,
      }
    peerDependencies:
      tree-sitter-cli: 0.25.8
    peerDependenciesMeta:
      tree-sitter-cli:
        optional: true

  "@ast-grep/lang-python@0.0.6":
    resolution:
      {
        integrity: sha512-eF/bEBspmrxdVuPNihvZDyyJx5qtIpGEMz9l1nNQmrji7NZcUiRNC8WwzYyQCBdy1mj8HZ0Tn4I2q3gp/6Bkiw==,
      }
    peerDependencies:
      tree-sitter-cli: 0.25.8
    peerDependenciesMeta:
      tree-sitter-cli:
        optional: true

  "@ast-grep/lang-rust@0.0.7":
    resolution:
      {
        integrity: sha512-CF6jv8XmlVQgr/pFKADM87EkoGiHIrHKsG1wcX2iqgdBX5kW8wH+Zd4GP6SMme2eZogD49f19vRoRTF44iZqzg==,
      }
    peerDependencies:
      tree-sitter-cli: 0.25.8
    peerDependenciesMeta:
      tree-sitter-cli:
        optional: true

  "@ast-grep/napi-darwin-arm64@0.45.1":
    resolution:
      {
        integrity: sha512-CthYcA0H3z5A2EHKH4rhSuFzpYUtxqUMnohmejxtMS6wiAgriKhOCopxN8XKclspYMtQyX2GC/PbvcU3dIbQHw==,
      }
    engines: { node: ">= 10" }
    cpu: [arm64]
    os: [darwin]

  "@ast-grep/napi-darwin-x64@0.45.1":
    resolution:
      {
        integrity: sha512-PhlXMDEEH5fMjXjYcrbeNgGqrojj4zN8C7eMQC6M4pVkuW74uPhrblD4KUbNunp5I2LkWCdKOs36jhBaZe1iPw==,
      }
    engines: { node: ">= 10" }
    cpu: [x64]
    os: [darwin]

  "@ast-grep/napi-linux-arm64-gnu@0.45.1":
    resolution:
      {
        integrity: sha512-XScjs95/SrsV6kLl9MnF2qbqwKU79bcBA3JHi6xUu+hf0uZ0lc6MsZ595cEy5yw9PYRhgqwrT3wta9p4qU4jpg==,
      }
    engines: { node: ">= 10" }
    cpu: [arm64]
    os: [linux]
    libc: [glibc]

  "@ast-grep/napi-linux-arm64-musl@0.45.1":
    resolution:
      {
        integrity: sha512-qjH5CN5KIUdJW2dHfp8W57QsP6H0mA6E/rboKEzAxw6Ant1q2ZKqE3bLHUZMDoZXOBGdCODSZm0bTDcctiP49g==,
      }
    engines: { node: ">= 10" }
    cpu: [arm64]
    os: [linux]
    libc: [musl]

  "@ast-grep/napi-linux-x64-gnu@0.45.1":
    resolution:
      {
        integrity: sha512-nPP0y5EnehCgmYqvVDKSvH4vHbEFdAi8L+Kq2Sz94vK32yv4eOWf9vWhgoPscWpw76GWuwhpDvME8SZARnS3DQ==,
      }
    engines: { node: ">= 10" }
    cpu: [x64]
    os: [linux]
    libc: [glibc]

  "@ast-grep/napi-linux-x64-musl@0.45.1":
    resolution:
      {
        integrity: sha512-sg50LKH7TskWd/boWVFp9gwKc3Jd8sg0f8P6T2VQemX/EOj+OFaMJ2+y7Ok17WI/dODkrZgAPUwq7RAvMzLtqg==,
      }
    engines: { node: ">= 10" }
    cpu: [x64]
    os: [linux]
    libc: [musl]

  "@ast-grep/napi-win32-arm64-msvc@0.45.1":
    resolution:
      {
        integrity: sha512-wnTmD34OD9bUpdBVTb58P0y+YPb/2C2g07zj96LSk5R4pdcEMrCFsrWZlaNwtEV4q7L9BfLgrxq3MBGI8c6doA==,
      }
    engines: { node: ">= 10" }
    cpu: [arm64]
    os: [win32]

  "@ast-grep/napi-win32-ia32-msvc@0.45.1":
    resolution:
      {
        integrity: sha512-gRyJwRPY1mWRtnJ6AMncV2pNU+B2indjLCb9z/+aZrUN5u/gOxYryEzvRatyC9rVUMeQGJD+k0htpsqIwgXVbA==,
      }
    engines: { node: ">= 10" }
    cpu: [ia32]
    os: [win32]

  "@ast-grep/napi-win32-x64-msvc@0.45.1":
    resolution:
      {
        integrity: sha512-mzfMmCO7tSNks+NGkGkSnDBKxBjHoOLAMJt2IbAkMYATxHC0RqfBoN7Qtd02VGhHWEfwWLPv/wU6MrvweZ3jdQ==,
      }
    engines: { node: ">= 10" }
    cpu: [x64]
    os: [win32]

  "@ast-grep/napi@0.45.1":
    resolution:
      {
        integrity: sha512-4cmGQEHoP9GLHEhGvd1vgSzO3Y6KF7FczDk4+q/VfXV9/9sNxNVgNHC8t3BglhIADDcoHrCMc9aw4lHG+M240A==,
      }
    engines: { node: ">= 10" }

  "@ast-grep/setup-lang@0.0.6":
    resolution:
      {
        integrity: sha512-aSYZNF5nGQMxnwiA3Lcc8zi0AtpGlug47ADgqCgP/2n7p922FbnW7vo1rbW4kKjW72B/3mDdN7uvYidv8JnPnw==,
      }

  "@types/node@22.20.1":
    resolution:
      {
        integrity: sha512-EANqOCF9QFyra+4pfxUcX9STKJpCLjMbObVzljIJomAWSnuSIEAvyzEU53GaajbXJEgdh0iEcPL+DGvpUd4k1Q==,
      }

  commander@12.1.0:
    resolution:
      {
        integrity: sha512-Vw8qHK3bZM9y/P10u3Vib8o/DdkvA2OtPtZvD871QKjy74Wj1WSKFILMPRPSdUSx5RFK1arlJzEtA4PkFgnbuA==,
      }
    engines: { node: ">=18" }

  typescript@5.9.3:
    resolution:
      {
        integrity: sha512-jl1vZzPDinLr9eUt3J/t7V6FgNEw9QjvBPdysz9KfQDD41fQrC2Y4vKQdiaUpFT4bXlb1RHhLpp8wtm6M5TgSw==,
      }
    engines: { node: ">=14.17" }
    hasBin: true

  undici-types@6.21.0:
    resolution:
      {
        integrity: sha512-iwDZqg0QAGrg9Rav5H4n0M64c3mkR59cJ6wQp+7C4nI0gsmExaedaYLNO44eT4AtBBwjbTiGPMlt2Md0T9H9JQ==,
      }

snapshots:
  "@ast-grep/lang-go@0.0.6":
    dependencies:
      "@ast-grep/setup-lang": 0.0.6

  "@ast-grep/lang-python@0.0.6":
    dependencies:
      "@ast-grep/setup-lang": 0.0.6

  "@ast-grep/lang-rust@0.0.7":
    dependencies:
      "@ast-grep/setup-lang": 0.0.6

  "@ast-grep/napi-darwin-arm64@0.45.1":
    optional: true

  "@ast-grep/napi-darwin-x64@0.45.1":
    optional: true

  "@ast-grep/napi-linux-arm64-gnu@0.45.1":
    optional: true

  "@ast-grep/napi-linux-arm64-musl@0.45.1":
    optional: true

  "@ast-grep/napi-linux-x64-gnu@0.45.1":
    optional: true

  "@ast-grep/napi-linux-x64-musl@0.45.1":
    optional: true

  "@ast-grep/napi-win32-arm64-msvc@0.45.1":
    optional: true

  "@ast-grep/napi-win32-ia32-msvc@0.45.1":
    optional: true

  "@ast-grep/napi-win32-x64-msvc@0.45.1":
    optional: true

  "@ast-grep/napi@0.45.1":
    optionalDependencies:
      "@ast-grep/napi-darwin-arm64": 0.45.1
      "@ast-grep/napi-darwin-x64": 0.45.1
      "@ast-grep/napi-linux-arm64-gnu": 0.45.1
      "@ast-grep/napi-linux-arm64-musl": 0.45.1
      "@ast-grep/napi-linux-x64-gnu": 0.45.1
      "@ast-grep/napi-linux-x64-musl": 0.45.1
      "@ast-grep/napi-win32-arm64-msvc": 0.45.1
      "@ast-grep/napi-win32-ia32-msvc": 0.45.1
      "@ast-grep/napi-win32-x64-msvc": 0.45.1

  "@ast-grep/setup-lang@0.0.6": {}

  "@types/node@22.20.1":
    dependencies:
      undici-types: 6.21.0

  commander@12.1.0: {}

  typescript@5.9.3: {}

  undici-types@6.21.0: {}
